{
  "name": "WAP-2",
  "lockfileVersion": 3,
  "requires": true,
  "packages": {
    "": {
      "dependencies": {
        "cmdk": "^0.2.1",
        "react-google-map-picker-custom": "^1.0.2"
      }
    },
    "node_modules/@babel/runtime": {
      "version": "7.24.4",
      "resolved": "https://registry.npmjs.org/@babel/runtime/-/runtime-7.24.4.tgz",
      "integrity": "sha512-dkxf7+hn8mFBwKjs9bvBlArzLVxVbS8usaPUDd5p2a9JCL9tB8OaOVN1isD4+Xyk4ns89/xeOmbQvgdK7IIVdA==",
      "dependencies": {
        "regenerator-runtime": "^0.14.0"
      },
      "engines": {
        "node": ">=6.9.0"
      }
    },
    "node_modules/@radix-ui/primitive": {
      "version": "1.0.0",
      "resolved": "https://registry.npmjs.org/@radix-ui/primitive/-/primitive-1.0.0.tgz",
      "integrity": "sha512-3e7rn8FDMin4CgeL7Z/49smCA3rFYY3Ha2rUQ7HRWFadS5iCRw08ZgVT1LaNTCNqgvrUiyczLflrVrF0SRQtNA==",
      "dependencies": {
        "@babel/runtime": "^7.13.10"
      }
    },
    "node_modules/@radix-ui/react-compose-refs": {
      "version": "1.0.0",
      "resolved": "https://registry.npmjs.org/@radix-ui/react-compose-refs/-/react-compose-refs-1.0.0.tgz",
      "integrity": "sha512-0KaSv6sx787/hK3eF53iOkiSLwAGlFMx5lotrqD2pTjB18KbybKoEIgkNZTKC60YECDQTKGTRcDBILwZVqVKvA==",
      "dependencies": {
        "@babel/runtime": "^7.13.10"
      },
      "peerDependencies": {
        "react": "^16.8 || ^17.0 || ^18.0"
      }
    },
    "node_modules/@radix-ui/react-context": {
      "version": "1.0.0",
      "resolved": "https://registry.npmjs.org/@radix-ui/react-context/-/react-context-1.0.0.tgz",
      "integrity": "sha512-1pVM9RfOQ+n/N5PJK33kRSKsr1glNxomxONs5c49MliinBY6Yw2Q995qfBUUo0/Mbg05B/sGA0gkgPI7kmSHBg==",
      "dependencies": {
        "@babel/runtime": "^7.13.10"
      },
      "peerDependencies": {
        "react": "^16.8 || ^17.0 || ^18.0"
      }
    },
    "node_modules/@radix-ui/react-dialog": {
      "version": "1.0.0",
      "resolved": "https://registry.npmjs.org/@radix-ui/react-dialog/-/react-dialog-1.0.0.tgz",
      "integrity": "sha512-Yn9YU+QlHYLWwV1XfKiqnGVpWYWk6MeBVM6x/bcoyPvxgjQGoeT35482viLPctTMWoMw0PoHgqfSox7Ig+957Q==",
      "dependencies": {
        "@babel/runtime": "^7.13.10",
        "@radix-ui/primitive": "1.0.0",
        "@radix-ui/react-compose-refs": "1.0.0",
        "@radix-ui/react-context": "1.0.0",
        "@radix-ui/react-dismissable-layer": "1.0.0",
        "@radix-ui/react-focus-guards": "1.0.0",
        "@radix-ui/react-focus-scope": "1.0.0",
        "@radix-ui/react-id": "1.0.0",
        "@radix-ui/react-portal": "1.0.0",
        "@radix-ui/react-presence": "1.0.0",
        "@radix-ui/react-primitive": "1.0.0",
        "@radix-ui/react-slot": "1.0.0",
        "@radix-ui/react-use-controllable-state": "1.0.0",
        "aria-hidden": "^1.1.1",
        "react-remove-scroll": "2.5.4"
      },
      "peerDependencies": {
        "react": "^16.8 || ^17.0 || ^18.0",
        "react-dom": "^16.8 || ^17.0 || ^18.0"
      }
    },
    "node_modules/@radix-ui/react-dismissable-layer": {
      "version": "1.0.0",
      "resolved": "https://registry.npmjs.org/@radix-ui/react-dismissable-layer/-/react-dismissable-layer-1.0.0.tgz",
      "integrity": "sha512-n7kDRfx+LB1zLueRDvZ1Pd0bxdJWDUZNQ/GWoxDn2prnuJKRdxsjulejX/ePkOsLi2tTm6P24mDqlMSgQpsT6g==",
      "dependencies": {
        "@babel/runtime": "^7.13.10",
        "@radix-ui/primitive": "1.0.0",
        "@radix-ui/react-compose-refs": "1.0.0",
        "@radix-ui/react-primitive": "1.0.0",
        "@radix-ui/react-use-callback-ref": "1.0.0",
        "@radix-ui/react-use-escape-keydown": "1.0.0"
      },
      "peerDependencies": {
        "react": "^16.8 || ^17.0 || ^18.0",
        "react-dom": "^16.8 || ^17.0 || ^18.0"
      }
    },
    "node_modules/@radix-ui/react-focus-guards": {
      "version": "1.0.0",
      "resolved": "https://registry.npmjs.org/@radix-ui/react-focus-guards/-/react-focus-guards-1.0.0.tgz",
      "integrity": "sha512-UagjDk4ijOAnGu4WMUPj9ahi7/zJJqNZ9ZAiGPp7waUWJO0O1aWXi/udPphI0IUjvrhBsZJGSN66dR2dsueLWQ==",
      "dependencies": {
        "@babel/runtime": "^7.13.10"
      },
      "peerDependencies": {
        "react": "^16.8 || ^17.0 || ^18.0"
      }
    },
    "node_modules/@radix-ui/react-focus-scope": {
      "version": "1.0.0",
      "resolved": "https://registry.npmjs.org/@radix-ui/react-focus-scope/-/react-focus-scope-1.0.0.tgz",
      "integrity": "sha512-C4SWtsULLGf/2L4oGeIHlvWQx7Rf+7cX/vKOAD2dXW0A1b5QXwi3wWeaEgW+wn+SEVrraMUk05vLU9fZZz5HbQ==",
      "dependencies": {
        "@babel/runtime": "^7.13.10",
        "@radix-ui/react-compose-refs": "1.0.0",
        "@radix-ui/react-primitive": "1.0.0",
        "@radix-ui/react-use-callback-ref": "1.0.0"
      },
      "peerDependencies": {
        "react": "^16.8 || ^17.0 || ^18.0",
        "react-dom": "^16.8 || ^17.0 || ^18.0"
      }
    },
    "node_modules/@radix-ui/react-id": {
      "version": "1.0.0",
      "resolved": "https://registry.npmjs.org/@radix-ui/react-id/-/react-id-1.0.0.tgz",
      "integrity": "sha512-Q6iAB/U7Tq3NTolBBQbHTgclPmGWE3OlktGGqrClPozSw4vkQ1DfQAOtzgRPecKsMdJINE05iaoDUG8tRzCBjw==",
      "dependencies": {
        "@babel/runtime": "^7.13.10",
        "@radix-ui/react-use-layout-effect": "1.0.0"
      },
      "peerDependencies": {
        "react": "^16.8 || ^17.0 || ^18.0"
      }
    },
    "node_modules/@radix-ui/react-portal": {
      "version": "1.0.0",
      "resolved": "https://registry.npmjs.org/@radix-ui/react-portal/-/react-portal-1.0.0.tgz",
      "integrity": "sha512-a8qyFO/Xb99d8wQdu4o7qnigNjTPG123uADNecz0eX4usnQEj7o+cG4ZX4zkqq98NYekT7UoEQIjxBNWIFuqTA==",
      "dependencies": {
        "@babel/runtime": "^7.13.10",
        "@radix-ui/react-primitive": "1.0.0"
      },
      "peerDependencies": {
        "react": "^16.8 || ^17.0 || ^18.0",
        "react-dom": "^16.8 || ^17.0 || ^18.0"
      }
    },
    "node_modules/@radix-ui/react-presence": {
      "version": "1.0.0",
      "resolved": "https://registry.npmjs.org/@radix-ui/react-presence/-/react-presence-1.0.0.tgz",
      "integrity": "sha512-A+6XEvN01NfVWiKu38ybawfHsBjWum42MRPnEuqPsBZ4eV7e/7K321B5VgYMPv3Xx5An6o1/l9ZuDBgmcmWK3w==",
      "dependencies": {
        "@babel/runtime": "^7.13.10",
        "@radix-ui/react-compose-refs": "1.0.0",
        "@radix-ui/react-use-layout-effect": "1.0.0"
      },
      "peerDependencies": {
        "react": "^16.8 || ^17.0 || ^18.0",
        "react-dom": "^16.8 || ^17.0 || ^18.0"
      }
    },
    "node_modules/@radix-ui/react-primitive": {
      "version": "1.0.0",
      "resolved": "https://registry.npmjs.org/@radix-ui/react-primitive/-/react-primitive-1.0.0.tgz",
      "integrity": "sha512-EyXe6mnRlHZ8b6f4ilTDrXmkLShICIuOTTj0GX4w1rp+wSxf3+TD05u1UOITC8VsJ2a9nwHvdXtOXEOl0Cw/zQ==",
      "dependencies": {
        "@babel/runtime": "^7.13.10",
        "@radix-ui/react-slot": "1.0.0"
      },
      "peerDependencies": {
        "react": "^16.8 || ^17.0 || ^18.0",
        "react-dom": "^16.8 || ^17.0 || ^18.0"
      }
    },
    "node_modules/@radix-ui/react-slot": {
      "version": "1.0.0",
      "resolved": "https://registry.npmjs.org/@radix-ui/react-slot/-/react-slot-1.0.0.tgz",
      "integrity": "sha512-3mrKauI/tWXo1Ll+gN5dHcxDPdm/Df1ufcDLCecn+pnCIVcdWE7CujXo8QaXOWRJyZyQWWbpB8eFwHzWXlv5mQ==",
      "dependencies": {
        "@babel/runtime": "^7.13.10",
        "@radix-ui/react-compose-refs": "1.0.0"
      },
      "peerDependencies": {
        "react": "^16.8 || ^17.0 || ^18.0"
      }
    },
    "node_modules/@radix-ui/react-use-callback-ref": {
      "version": "1.0.0",
      "resolved": "https://registry.npmjs.org/@radix-ui/react-use-callback-ref/-/react-use-callback-ref-1.0.0.tgz",
      "integrity": "sha512-GZtyzoHz95Rhs6S63D2t/eqvdFCm7I+yHMLVQheKM7nBD8mbZIt+ct1jz4536MDnaOGKIxynJ8eHTkVGVVkoTg==",
      "dependencies": {
        "@babel/runtime": "^7.13.10"
      },
      "peerDependencies": {
        "react": "^16.8 || ^17.0 || ^18.0"
      }
    },
    "node_modules/@radix-ui/react-use-controllable-state": {
      "version": "1.0.0",
      "resolved": "https://registry.npmjs.org/@radix-ui/react-use-controllable-state/-/react-use-controllable-state-1.0.0.tgz",
      "integrity": "sha512-FohDoZvk3mEXh9AWAVyRTYR4Sq7/gavuofglmiXB2g1aKyboUD4YtgWxKj8O5n+Uak52gXQ4wKz5IFST4vtJHg==",
      "dependencies": {
        "@babel/runtime": "^7.13.10",
        "@radix-ui/react-use-callback-ref": "1.0.0"
      },
      "peerDependencies": {
        "react": "^16.8 || ^17.0 || ^18.0"
      }
    },
    "node_modules/@radix-ui/react-use-escape-keydown": {
      "version": "1.0.0",
      "resolved": "https://registry.npmjs.org/@radix-ui/react-use-escape-keydown/-/react-use-escape-keydown-1.0.0.tgz",
      "integrity": "sha512-JwfBCUIfhXRxKExgIqGa4CQsiMemo1Xt0W/B4ei3fpzpvPENKpMKQ8mZSB6Acj3ebrAEgi2xiQvcI1PAAodvyg==",
      "dependencies": {
        "@babel/runtime": "^7.13.10",
        "@radix-ui/react-use-callback-ref": "1.0.0"
      },
      "peerDependencies": {
        "react": "^16.8 || ^17.0 || ^18.0"
      }
    },
    "node_modules/@radix-ui/react-use-layout-effect": {
      "version": "1.0.0",
      "resolved": "https://registry.npmjs.org/@radix-ui/react-use-layout-effect/-/react-use-layout-effect-1.0.0.tgz",
      "integrity": "sha512-6Tpkq+R6LOlmQb1R5NNETLG0B4YP0wc+klfXafpUCj6JGyaUc8il7/kUZ7m59rGbXGczE9Bs+iz2qloqsZBduQ==",
      "dependencies": {
        "@babel/runtime": "^7.13.10"
      },
      "peerDependencies": {
        "react": "^16.8 || ^17.0 || ^18.0"
      }
    },
    "node_modules/aria-hidden": {
      "version": "1.2.4",
      "resolved": "https://registry.npmjs.org/aria-hidden/-/aria-hidden-1.2.4.tgz",
      "integrity": "sha512-y+CcFFwelSXpLZk/7fMB2mUbGtX9lKycf1MWJ7CaTIERyitVlyQx6C+sxcROU2BAJ24OiZyK+8wj2i8AlBoS3A==",
      "dependencies": {
        "tslib": "^2.0.0"
      },
      "engines": {
        "node": ">=10"
      }
    },
    "node_modules/cmdk": {
      "version": "0.2.1",
      "resolved": "https://registry.npmjs.org/cmdk/-/cmdk-0.2.1.tgz",
      "integrity": "sha512-U6//9lQ6JvT47+6OF6Gi8BvkxYQ8SCRRSKIJkthIMsFsLZRG0cKvTtuTaefyIKMQb8rvvXy0wGdpTNq/jPtm+g==",
      "dependencies": {
        "@radix-ui/react-dialog": "1.0.0"
      },
      "peerDependencies": {
        "react": "^18.0.0",
        "react-dom": "^18.0.0"
      }
    },
    "node_modules/detect-node-es": {
      "version": "1.1.0",
      "resolved": "https://registry.npmjs.org/detect-node-es/-/detect-node-es-1.1.0.tgz",
      "integrity": "sha512-ypdmJU/TbBby2Dxibuv7ZLW3Bs1QEmM7nHjEANfohJLvE0XVujisn1qPJcZxg+qDucsr+bP6fLD1rPS3AhJ7EQ=="
    },
    "node_modules/get-nonce": {
      "version": "1.0.1",
      "resolved": "https://registry.npmjs.org/get-nonce/-/get-nonce-1.0.1.tgz",
      "integrity": "sha512-FJhYRoDaiatfEkUK8HKlicmu/3SGFD51q3itKDGoSTysQJBnfOcxU5GxnhE1E6soB76MbT0MBtnKJuXyAx+96Q==",
      "engines": {
        "node": ">=6"
      }
    },
    "node_modules/invariant": {
      "version": "2.2.4",
      "resolved": "https://registry.npmjs.org/invariant/-/invariant-2.2.4.tgz",
      "integrity": "sha512-phJfQVBuaJM5raOpJjSfkiD6BpbCE4Ns//LaXl6wGYtUBY83nWS6Rf9tXm2e8VaK60JEjYldbPif/A2B1C2gNA==",
      "dependencies": {
        "loose-envify": "^1.0.0"
      }
    },
    "node_modules/js-tokens": {
      "version": "4.0.0",
      "resolved": "https://registry.npmjs.org/js-tokens/-/js-tokens-4.0.0.tgz",
      "integrity": "sha512-RdJUflcE3cUzKiMqQgsCu06FPu9UdIJO0beYbPhHN4k6apgJtifcoCtT9bcxOpYBtpD2kCM6Sbzg4CausW/PKQ=="
    },
    "node_modules/loose-envify": {
      "version": "1.4.0",
      "resolved": "https://registry.npmjs.org/loose-envify/-/loose-envify-1.4.0.tgz",
      "integrity": "sha512-lyuxPGr/Wfhrlem2CL/UcnUc1zcqKAImBDzukY7Y5F/yQiNdko6+fRLevlw1HgMySw7f611UIY408EtxRSoK3Q==",
      "dependencies": {
        "js-tokens": "^3.0.0 || ^4.0.0"
      },
      "bin": {
        "loose-envify": "cli.js"
      }
    },
    "node_modules/react": {
      "version": "18.2.0",
      "resolved": "https://registry.npmjs.org/react/-/react-18.2.0.tgz",
      "integrity": "sha512-/3IjMdb2L9QbBdWiW5e3P2/npwMBaU9mHCSCUzNln0ZCYbcfTsGbTJrU/kGemdH2IWmB2ioZ+zkxtmq6g09fGQ==",
      "peer": true,
      "dependencies": {
        "loose-envify": "^1.1.0"
      },
      "engines": {
        "node": ">=0.10.0"
      }
    },
    "node_modules/react-dom": {
      "version": "18.2.0",
      "resolved": "https://registry.npmjs.org/react-dom/-/react-dom-18.2.0.tgz",
      "integrity": "sha512-6IMTriUmvsjHUjNtEDudZfuDQUoWXVxKHhlEGSk81n4YFS+r/Kl99wXiwlVXtPBtJenozv2P+hxDsw9eA7Xo6g==",
      "peer": true,
      "dependencies": {
        "loose-envify": "^1.1.0",
        "scheduler": "^0.23.0"
      },
      "peerDependencies": {
        "react": "^18.2.0"
      }
    },
    "node_modules/react-google-map-picker-custom": {
      "version": "1.0.2",
      "resolved": "https://registry.npmjs.org/react-google-map-picker-custom/-/react-google-map-picker-custom-1.0.2.tgz",
      "integrity": "sha512-nlPFco/wIdGBwRoqsADpX4DZmaNPwacNNisa+zdwrGC+WinfNFvoFk/p53s+lK0jXsKEhLhC70Nd7S8l8Wldxw==",
      "engines": {
        "node": ">=10"
      },
      "peerDependencies": {
        "react": "^18.2.0"
      }
    },
    "node_modules/react-remove-scroll": {
      "version": "2.5.4",
      "resolved": "https://registry.npmjs.org/react-remove-scroll/-/react-remove-scroll-2.5.4.tgz",
      "integrity": "sha512-xGVKJJr0SJGQVirVFAUZ2k1QLyO6m+2fy0l8Qawbp5Jgrv3DeLalrfMNBFSlmz5kriGGzsVBtGVnf4pTKIhhWA==",
      "dependencies": {
        "react-remove-scroll-bar": "^2.3.3",
        "react-style-singleton": "^2.2.1",
        "tslib": "^2.1.0",
        "use-callback-ref": "^1.3.0",
        "use-sidecar": "^1.1.2"
      },
      "engines": {
        "node": ">=10"
      },
      "peerDependencies": {
        "@types/react": "^16.8.0 || ^17.0.0 || ^18.0.0",
        "react": "^16.8.0 || ^17.0.0 || ^18.0.0"
      },
      "peerDependenciesMeta": {
        "@types/react": {
          "optional": true
        }
      }
    },
    "node_modules/react-remove-scroll-bar": {
      "version": "2.3.6",
      "resolved": "https://registry.npmjs.org/react-remove-scroll-bar/-/react-remove-scroll-bar-2.3.6.tgz",
      "integrity": "sha512-DtSYaao4mBmX+HDo5YWYdBWQwYIQQshUV/dVxFxK+KM26Wjwp1gZ6rv6OC3oujI6Bfu6Xyg3TwK533AQutsn/g==",
      "dependencies": {
        "react-style-singleton": "^2.2.1",
        "tslib": "^2.0.0"
      },
      "engines": {
        "node": ">=10"
      },
      "peerDependencies": {
        "@types/react": "^16.8.0 || ^17.0.0 || ^18.0.0",
        "react": "^16.8.0 || ^17.0.0 || ^18.0.0"
      },
      "peerDependenciesMeta": {
        "@types/react": {
          "optional": true
        }
      }
    },
    "node_modules/react-style-singleton": {
      "version": "2.2.1",
      "resolved": "https://registry.npmjs.org/react-style-singleton/-/react-style-singleton-2.2.1.tgz",
      "integrity": "sha512-ZWj0fHEMyWkHzKYUr2Bs/4zU6XLmq9HsgBURm7g5pAVfyn49DgUiNgY2d4lXRlYSiCif9YBGpQleewkcqddc7g==",
      "dependencies": {
        "get-nonce": "^1.0.0",
        "invariant": "^2.2.4",
        "tslib": "^2.0.0"
      },
      "engines": {
        "node": ">=10"
      },
      "peerDependencies": {
        "@types/react": "^16.8.0 || ^17.0.0 || ^18.0.0",
        "react": "^16.8.0 || ^17.0.0 || ^18.0.0"
      },
      "peerDependenciesMeta": {
        "@types/react": {
          "optional": true
        }
      }
    },
    "node_modules/regenerator-runtime": {
      "version": "0.14.1",
      "resolved": "https://registry.npmjs.org/regenerator-runtime/-/regenerator-runtime-0.14.1.tgz",
      "integrity": "sha512-dYnhHh0nJoMfnkZs6GmmhFknAGRrLznOu5nc9ML+EJxGvrx6H7teuevqVqCuPcPK//3eDrrjQhehXVx9cnkGdw=="
    },
    "node_modules/scheduler": {
      "version": "0.23.0",
      "resolved": "https://registry.npmjs.org/scheduler/-/scheduler-0.23.0.tgz",
      "integrity": "sha512-CtuThmgHNg7zIZWAXi3AsyIzA3n4xx7aNyjwC2VJldO2LMVDhFK+63xGqq6CsJH4rTAt6/M+N4GhZiDYPx9eUw==",
      "peer": true,
      "dependencies": {
        "loose-envify": "^1.1.0"
      }
    },
    "node_modules/tslib": {
      "version": "2.6.2",
      "resolved": "https://registry.npmjs.org/tslib/-/tslib-2.6.2.tgz",
      "integrity": "sha512-AEYxH93jGFPn/a2iVAwW87VuUIkR1FVUKB77NwMF7nBTDkDrrT/Hpt/IrCJ0QXhW27jTBDcf5ZY7w6RiqTMw2Q=="
    },
    "node_modules/use-callback-ref": {
      "version": "1.3.2",
      "resolved": "https://registry.npmjs.org/use-callback-ref/-/use-callback-ref-1.3.2.tgz",
      "integrity": "sha512-elOQwe6Q8gqZgDA8mrh44qRTQqpIHDcZ3hXTLjBe1i4ph8XpNJnO+aQf3NaG+lriLopI4HMx9VjQLfPQ6vhnoA==",
      "dependencies": {
        "tslib": "^2.0.0"
      },
      "engines": {
        "node": ">=10"
      },
      "peerDependencies": {
        "@types/react": "^16.8.0 || ^17.0.0 || ^18.0.0",
        "react": "^16.8.0 || ^17.0.0 || ^18.0.0"
      },
      "peerDependenciesMeta": {
        "@types/react": {
          "optional": true
        }
      }
    },
    "node_modules/use-sidecar": {
      "version": "1.1.2",
      "resolved": "https://registry.npmjs.org/use-sidecar/-/use-sidecar-1.1.2.tgz",
      "integrity": "sha512-epTbsLuzZ7lPClpz2TyryBfztm7m+28DlEv2ZCQ3MDr5ssiwyOwGH/e5F9CkfWjJ1t4clvI58yF822/GUkjjhw==",
      "dependencies": {
        "detect-node-es": "^1.1.0",
        "tslib": "^2.0.0"
      },
      "engines": {
        "node": ">=10"
      },
      "peerDependencies": {
        "@types/react": "^16.9.0 || ^17.0.0 || ^18.0.0",
        "react": "^16.8.0 || ^17.0.0 || ^18.0.0"
      },
      "peerDependenciesMeta": {
        "@types/react": {
          "optional": true
        }
      }
    }
  }
}
